
Microsoft Visual Studio Solution File, Format Version 12.00
# Visual Studio 14
VisualStudioVersion = 14.0.24720.0
MinimumVisualStudioVersion = 10.0.40219.1
Project("{FAE04EC0-301F-11D3-BF4B-00C04F79EFBC}") = "SportsStore.Domain", "SportsStore.Domain\SportsStore.Domain.csproj", "{71D66906-E5F4-41FC-AADE-5981C4AD8981}"
EndProject
Project("{FAE04EC0-301F-11D3-BF4B-00C04F79EFBC}") = "SportsStore.UnitTests", "SportsStore.UnitTests\SportsStore.UnitTests.csproj", "{1BE70AC6-A1FB-4F30-A36B-E558017F8008}"
EndProject
Project("{FAE04EC0-301F-11D3-BF4B-00C04F79EFBC}") = "SportsStore.WebUI", "SportsStore.WebUI\SportsStore.WebUI.csproj", "{D3DC6904-031E-4FE9-904C-36B9819F8542}"
EndProject
Global
	GlobalSection(SolutionConfigurationPlatforms) = preSolution
		Debug|Any CPU = Debug|Any CPU
		Release|Any CPU = Release|Any CPU
	EndGlobalSection
	GlobalSection(ProjectConfigurationPlatforms) = postSolution
		{71D66906-E5F4-41FC-AADE-5981C4AD8981}.Debug|Any CPU.ActiveCfg = Debug|Any CPU
		{71D66906-E5F4-41FC-AADE-5981C4AD8981}.Debug|Any CPU.Build.0 = Debug|Any CPU
		{71D66906-E5F4-41FC-AADE-5981C4AD8981}.Release|Any CPU.ActiveCfg = Release|Any CPU
		{71D66906-E5F4-41FC-AADE-5981C4AD8981}.Release|Any CPU.Build.0 = Release|Any CPU
		{1BE70AC6-A1FB-4F30-A36B-E558017F8008}.Debug|Any CPU.ActiveCfg = Debug|Any CPU
		{1BE70AC6-A1FB-4F30-A36B-E558017F8008}.Debug|Any CPU.Build.0 = Debug|Any CPU
		{1BE70AC6-A1FB-4F30-A36B-E558017F8008}.Release|Any CPU.ActiveCfg = Release|Any CPU
		{1BE70AC6-A1FB-4F30-A36B-E558017F8008}.Release|Any CPU.Build.0 = Release|Any CPU
		{D3DC6904-031E-4FE9-904C-36B9819F8542}.Debug|Any CPU.ActiveCfg = Debug|Any CPU
		{D3DC6904-031E-4FE9-904C-36B9819F8542}.Debug|Any CPU.Build.0 = Debug|Any CPU
		{D3DC6904-031E-4FE9-904C-36B9819F8542}.Release|Any CPU.ActiveCfg = Release|Any CPU
		{D3DC6904-031E-4FE9-904C-36B9819F8542}.Release|Any CPU.Build.0 = Release|Any CPU
	EndGlobalSection
	GlobalSection(SolutionProperties) = preSolution
		HideSolutionNode = FALSE
	EndGlobalSection
EndGlobal
